lockfileVersion: '9.0'

settings:
  autoInstallPeers: true
  excludeLinksFromLockfile: false

importers:

  .:
    dependencies:
      flag-icons:
        specifier: 7.5.0
        version: 7.5.0

packages:

  flag-icons@7.5.0:
    resolution: {integrity: sha512-kd+MNXviFIg5hijH766tt+3x76ele1AXlo4zDdCxIvqWZhKt4T83bOtxUOOMlTx/EcFdUMH5yvQgYlFh1EqqFg==}

snapshots:

  flag-icons@7.5.0: {}
